
Microsoft Visual Studio Solution File, Format Version 12.00
# Visual Studio 15
VisualStudioVersion = 15.0.28307.1082
MinimumVisualStudioVersion = 10.0.40219.1
Project("{FAE04EC0-301F-11D3-BF4B-00C04F79EFBC}") = "MyLib", "MyLib\MyLib.csproj", "{D3D43DB6-23B9-4416-BFE9-F494E26EDC04}"
EndProject
Project("{FAE04EC0-301F-11D3-BF4B-00C04F79EFBC}") = "ConsoleMySin", "ConsoleMySin\ConsoleMySin.csproj", "{ED2B5736-DFA0-4DBE-BCD7-D7E78D20689E}"
EndProject
Project("{FAE04EC0-301F-11D3-BF4B-00C04F79EFBC}") = "ConsolePart1", "ConsoleRingArea\ConsolePart1.csproj", "{B3C8EC17-0E52-4C29-8252-74AFB18A60EC}"
EndProject
Project("{FAE04EC0-301F-11D3-BF4B-00C04F79EFBC}") = "ConsolePart2", "ConsolePart2\ConsolePart2.csproj", "{8B680AB0-C8F6-40A5-B2FF-A9E270334FEB}"
EndProject
Project("{FAE04EC0-301F-11D3-BF4B-00C04F79EFBC}") = "ConsolePart3", "ConsolePart3\ConsolePart3.csproj", "{64266692-5A7B-463E-8AFC-D1E8127AA2A5}"
EndProject
Global
	GlobalSection(SolutionConfigurationPlatforms) = preSolution
		Debug|Any CPU = Debug|Any CPU
		Release|Any CPU = Release|Any CPU
	EndGlobalSection
	GlobalSection(ProjectConfigurationPlatforms) = postSolution
		{D3D43DB6-23B9-4416-BFE9-F494E26EDC04}.Debug|Any CPU.ActiveCfg = Debug|Any CPU
		{D3D43DB6-23B9-4416-BFE9-F494E26EDC04}.Debug|Any CPU.Build.0 = Debug|Any CPU
		{D3D43DB6-23B9-4416-BFE9-F494E26EDC04}.Release|Any CPU.ActiveCfg = Release|Any CPU
		{D3D43DB6-23B9-4416-BFE9-F494E26EDC04}.Release|Any CPU.Build.0 = Release|Any CPU
		{ED2B5736-DFA0-4DBE-BCD7-D7E78D20689E}.Debug|Any CPU.ActiveCfg = Debug|Any CPU
		{ED2B5736-DFA0-4DBE-BCD7-D7E78D20689E}.Debug|Any CPU.Build.0 = Debug|Any CPU
		{ED2B5736-DFA0-4DBE-BCD7-D7E78D20689E}.Release|Any CPU.ActiveCfg = Release|Any CPU
		{ED2B5736-DFA0-4DBE-BCD7-D7E78D20689E}.Release|Any CPU.Build.0 = Release|Any CPU
		{B3C8EC17-0E52-4C29-8252-74AFB18A60EC}.Debug|Any CPU.ActiveCfg = Debug|Any CPU
		{B3C8EC17-0E52-4C29-8252-74AFB18A60EC}.Debug|Any CPU.Build.0 = Debug|Any CPU
		{B3C8EC17-0E52-4C29-8252-74AFB18A60EC}.Release|Any CPU.ActiveCfg = Release|Any CPU
		{B3C8EC17-0E52-4C29-8252-74AFB18A60EC}.Release|Any CPU.Build.0 = Release|Any CPU
		{8B680AB0-C8F6-40A5-B2FF-A9E270334FEB}.Debug|Any CPU.ActiveCfg = Debug|Any CPU
		{8B680AB0-C8F6-40A5-B2FF-A9E270334FEB}.Debug|Any CPU.Build.0 = Debug|Any CPU
		{8B680AB0-C8F6-40A5-B2FF-A9E270334FEB}.Release|Any CPU.ActiveCfg = Release|Any CPU
		{8B680AB0-C8F6-40A5-B2FF-A9E270334FEB}.Release|Any CPU.Build.0 = Release|Any CPU
		{64266692-5A7B-463E-8AFC-D1E8127AA2A5}.Debug|Any CPU.ActiveCfg = Debug|Any CPU
		{64266692-5A7B-463E-8AFC-D1E8127AA2A5}.Debug|Any CPU.Build.0 = Debug|Any CPU
		{64266692-5A7B-463E-8AFC-D1E8127AA2A5}.Release|Any CPU.ActiveCfg = Release|Any CPU
		{64266692-5A7B-463E-8AFC-D1E8127AA2A5}.Release|Any CPU.Build.0 = Release|Any CPU
	EndGlobalSection
	GlobalSection(SolutionProperties) = preSolution
		HideSolutionNode = FALSE
	EndGlobalSection
	GlobalSection(ExtensibilityGlobals) = postSolution
		SolutionGuid = {04088973-7C0E-45B5-82F1-48652D28FEF3}
	EndGlobalSection
EndGlobal
